
Microsoft Visual Studio Solution File, Format Version 12.00
# Visual Studio Version 17
VisualStudioVersion = 17.12.35309.182
MinimumVisualStudioVersion = 10.0.40219.1
Project("{FAE04EC0-301F-11D3-BF4B-00C04F79EFBC}") = "Websocket", "Websocket.csproj", "{67C750A4-653D-4C17-9BE7-933B05E6C347}"
EndProject
Global
	GlobalSection(SolutionConfigurationPlatforms) = preSolution
		Debug|Any CPU = Debug|Any CPU
		Release|Any CPU = Release|Any CPU
	EndGlobalSection
	GlobalSection(ProjectConfigurationPlatforms) = postSolution
		{67C750A4-653D-4C17-9BE7-933B05E6C347}.Debug|Any CPU.ActiveCfg = Debug|Any CPU
		{67C750A4-653D-4C17-9BE7-933B05E6C347}.Debug|Any CPU.Build.0 = Debug|Any CPU
		{67C750A4-653D-4C17-9BE7-933B05E6C347}.Release|Any CPU.ActiveCfg = Release|Any CPU
		{67C750A4-653D-4C17-9BE7-933B05E6C347}.Release|Any CPU.Build.0 = Release|Any CPU
	EndGlobalSection
	GlobalSection(SolutionProperties) = preSolution
		HideSolutionNode = FALSE
	EndGlobalSection
	GlobalSection(ExtensibilityGlobals) = postSolution
		SolutionGuid = {88240F3D-F179-456C-8B2A-6B2BF5C10E20}
	EndGlobalSection
EndGlobal
